// !$*UTF8*$!
{
	archiveVersion = 1;
	classes = {
	};
	objectVersion = 56;
	objects = {

/* Begin PBXBuildFile section */
		8B4EF2472BC429A200494ED8 /* MyTournamentsView.swift in Sources */ = {isa = PBXBuildFile; fileRef = 8B4EF2462BC429A200494ED8 /* MyTournamentsView.swift */; };
		8B4EF2492BC429B700494ED8 /* JoinTournamentView.swift in Sources */ = {isa = PBXBuildFile; fileRef = 8B4EF2482BC429B700494ED8 /* JoinTournamentView.swift */; };
		8B4EF24B2BC44C3D00494ED8 /* ForgotPasswordView.swift in Sources */ = {isa = PBXBuildFile; fileRef = 8B4EF24A2BC44C3D00494ED8 /* ForgotPasswordView.swift */; };
		8B4EF24E2BC45A1700494ED8 /* MainTournamentView.swift in Sources */ = {isa = PBXBuildFile; fileRef = 8B4EF24D2BC45A1700494ED8 /* MainTournamentView.swift */; };
		8B4EF2502BC45B0400494ED8 /* TabHomeView.swift in Sources */ = {isa = PBXBuildFile; fileRef = 8B4EF24F2BC45B0400494ED8 /* TabHomeView.swift */; };
		8B4EF2522BC45B1000494ED8 /* TabFixturesView.swift in Sources */ = {isa = PBXBuildFile; fileRef = 8B4EF2512BC45B1000494ED8 /* TabFixturesView.swift */; };
		8B4EF2542BC45B1C00494ED8 /* TabTableView.swift in Sources */ = {isa = PBXBuildFile; fileRef = 8B4EF2532BC45B1C00494ED8 /* TabTableView.swift */; };
		8B4EF2562BC45B2400494ED8 /* TabSettingsView.swift in Sources */ = {isa = PBXBuildFile; fileRef = 8B4EF2552BC45B2400494ED8 /* TabSettingsView.swift */; };
		8B4EF2582BC45E4800494ED8 /* TournamentViewModel.swift in Sources */ = {isa = PBXBuildFile; fileRef = 8B4EF2572BC45E4800494ED8 /* TournamentViewModel.swift */; };
		8B4EF25A2BC45EC300494ED8 /* Tournament.swift in Sources */ = {isa = PBXBuildFile; fileRef = 8B4EF2592BC45EC300494ED8 /* Tournament.swift */; };
		8B4EF25C2BC5885600494ED8 /* RootViewModel.swift in Sources */ = {isa = PBXBuildFile; fileRef = 8B4EF25B2BC5885600494ED8 /* RootViewModel.swift */; };
		8B4EF25E2BC5A5C400494ED8 /* TabViewModel.swift in Sources */ = {isa = PBXBuildFile; fileRef = 8B4EF25D2BC5A5C400494ED8 /* TabViewModel.swift */; };
		8B4EF2602BC6820A00494ED8 /* ContentView.swift in Sources */ = {isa = PBXBuildFile; fileRef = 8B4EF25F2BC6820A00494ED8 /* ContentView.swift */; };
		8B4EF2642BC8382800494ED8 /* TableViewModel.swift in Sources */ = {isa = PBXBuildFile; fileRef = 8B4EF2632BC8382700494ED8 /* TableViewModel.swift */; };
		8B4EF2662BC84CAB00494ED8 /* SettingsViewModel.swift in Sources */ = {isa = PBXBuildFile; fileRef = 8B4EF2652BC84CAA00494ED8 /* SettingsViewModel.swift */; };
		8B4EF2692BC8566900494ED8 /* ManageFixturesView.swift in Sources */ = {isa = PBXBuildFile; fileRef = 8B4EF2682BC8566800494ED8 /* ManageFixturesView.swift */; };
		8B4EF26B2BC857A800494ED8 /* ManageTeamsView.swift in Sources */ = {isa = PBXBuildFile; fileRef = 8B4EF26A2BC857A800494ED8 /* ManageTeamsView.swift */; };
		8B6644792BCC6CBC00423B22 /* AddEditFixtureView.swift in Sources */ = {isa = PBXBuildFile; fileRef = 8B6644782BCC6CBB00423B22 /* AddEditFixtureView.swift */; };
		8B66447B2BCC6CDD00423B22 /* FixtureRowView.swift in Sources */ = {isa = PBXBuildFile; fileRef = 8B66447A2BCC6CDD00423B22 /* FixtureRowView.swift */; };
		8B66447D2BCD268800423B22 /* ActivityView.swift in Sources */ = {isa = PBXBuildFile; fileRef = 8B66447C2BCD268800423B22 /* ActivityView.swift */; };
		8B66447F2BCD93BC00423B22 /* JoinTeamView.swift in Sources */ = {isa = PBXBuildFile; fileRef = 8B66447E2BCD93BC00423B22 /* JoinTeamView.swift */; };
		8B6FB08B2BC0810200C66C05 /* FirebaseAppCheck in Frameworks */ = {isa = PBXBuildFile; productRef = 8B6FB08A2BC0810200C66C05 /* FirebaseAppCheck */; };
		8B6FB08D2BC0810200C66C05 /* FirebaseAuthCombine-Community in Frameworks */ = {isa = PBXBuildFile; productRef = 8B6FB08C2BC0810200C66C05 /* FirebaseAuthCombine-Community */; };
		8B6FB08F2BC081A300C66C05 /* AppDelegate.swift in Sources */ = {isa = PBXBuildFile; fileRef = 8B6FB08E2BC081A300C66C05 /* AppDelegate.swift */; };
		8B6FB0912BC084EC00C66C05 /* HomeView.swift in Sources */ = {isa = PBXBuildFile; fileRef = 8B6FB0902BC084EC00C66C05 /* HomeView.swift */; };
		8B6FB0932BC0921700C66C05 /* AccountView.swift in Sources */ = {isa = PBXBuildFile; fileRef = 8B6FB0922BC0921700C66C05 /* AccountView.swift */; };
		8B6FB0962BC09FC400C66C05 /* CreateNewTournamentView.swift in Sources */ = {isa = PBXBuildFile; fileRef = 8B6FB0952BC09FC400C66C05 /* CreateNewTournamentView.swift */; };
		8B6FB0982BC0B2CA00C66C05 /* AddTeamView.swift in Sources */ = {isa = PBXBuildFile; fileRef = 8B6FB0972BC0B2CA00C66C05 /* AddTeamView.swift */; };
		8B6FB09A2BC0B3BB00C66C05 /* Team.swift in Sources */ = {isa = PBXBuildFile; fileRef = 8B6FB0992BC0B3BB00C66C05 /* Team.swift */; };
		8BEEDB7D2BC048040007703F /* App_TournaMateApp.swift in Sources */ = {isa = PBXBuildFile; fileRef = 8BEEDB7C2BC048040007703F /* App_TournaMateApp.swift */; };
		8BEEDB812BC0480C0007703F /* Assets.xcassets in Resources */ = {isa = PBXBuildFile; fileRef = 8BEEDB802BC0480C0007703F /* Assets.xcassets */; };
		8BEEDB842BC0480C0007703F /* Preview Assets.xcassets in Resources */ = {isa = PBXBuildFile; fileRef = 8BEEDB832BC0480C0007703F /* Preview Assets.xcassets */; };
		8BEEDB932BC049DD0007703F /* LoginView.swift in Sources */ = {isa = PBXBuildFile; fileRef = 8BEEDB922BC049DC0007703F /* LoginView.swift */; };
		8BEEDB952BC04B2E0007703F /* InputView.swift in Sources */ = {isa = PBXBuildFile; fileRef = 8BEEDB942BC04B2E0007703F /* InputView.swift */; };
		8BEEDB972BC04FBA0007703F /* RegistrationView.swift in Sources */ = {isa = PBXBuildFile; fileRef = 8BEEDB962BC04FBA0007703F /* RegistrationView.swift */; };
		8BEEDB992BC052600007703F /* ProfileView.swift in Sources */ = {isa = PBXBuildFile; fileRef = 8BEEDB982BC0525F0007703F /* ProfileView.swift */; };
		8BEEDB9B2BC0540D0007703F /* SettingsRowView.swift in Sources */ = {isa = PBXBuildFile; fileRef = 8BEEDB9A2BC0540D0007703F /* SettingsRowView.swift */; };
		8BEEDB9D2BC055E00007703F /* UserModel.swift in Sources */ = {isa = PBXBuildFile; fileRef = 8BEEDB9C2BC055E00007703F /* UserModel.swift */; };
		8BEEDB9F2BC05A470007703F /* GoogleService-Info.plist in Resources */ = {isa = PBXBuildFile; fileRef = 8BEEDB9E2BC05A470007703F /* GoogleService-Info.plist */; };
		8BEEDBA42BC05B290007703F /* FirebaseFirestore in Frameworks */ = {isa = PBXBuildFile; productRef = 8BEEDBA32BC05B290007703F /* FirebaseFirestore */; };
		8BEEDBA62BC05B290007703F /* FirebaseFirestoreSwift in Frameworks */ = {isa = PBXBuildFile; productRef = 8BEEDBA52BC05B290007703F /* FirebaseFirestoreSwift */; };
		8BEEDBA82BC05B290007703F /* FirebaseStorage in Frameworks */ = {isa = PBXBuildFile; productRef = 8BEEDBA72BC05B290007703F /* FirebaseStorage */; };
		8BEEDBAC2BC05BA50007703F /* AuthViewModel.swift in Sources */ = {isa = PBXBuildFile; fileRef = 8BEEDBAB2BC05BA40007703F /* AuthViewModel.swift */; };
		8BEEDBAF2BC063400007703F /* FirebaseAuth in Frameworks */ = {isa = PBXBuildFile; productRef = 8BEEDBAE2BC063400007703F /* FirebaseAuth */; };
/* End PBXBuildFile section */

/* Begin PBXFileReference section */
		8B4EF2462BC429A200494ED8 /* MyTournamentsView.swift */ = {isa = PBXFileReference; lastKnownFileType = sourcecode.swift; path = MyTournamentsView.swift; sourceTree = "<group>"; };
		8B4EF2482BC429B700494ED8 /* JoinTournamentView.swift */ = {isa = PBXFileReference; lastKnownFileType = sourcecode.swift; path = JoinTournamentView.swift; sourceTree = "<group>"; };
		8B4EF24A2BC44C3D00494ED8 /* ForgotPasswordView.swift */ = {isa = PBXFileReference; lastKnownFileType = sourcecode.swift; path = ForgotPasswordView.swift; sourceTree = "<group>"; };
		8B4EF24D2BC45A1700494ED8 /* MainTournamentView.swift */ = {isa = PBXFileReference; lastKnownFileType = sourcecode.swift; path = MainTournamentView.swift; sourceTree = "<group>"; };
		8B4EF24F2BC45B0400494ED8 /* TabHomeView.swift */ = {isa = PBXFileReference; lastKnownFileType = sourcecode.swift; path = TabHomeView.swift; sourceTree = "<group>"; };
		8B4EF2512BC45B1000494ED8 /* TabFixturesView.swift */ = {isa = PBXFileReference; lastKnownFileType = sourcecode.swift; path = TabFixturesView.swift; sourceTree = "<group>"; };
		8B4EF2532BC45B1C00494ED8 /* TabTableView.swift */ = {isa = PBXFileReference; lastKnownFileType = sourcecode.swift; path = TabTableView.swift; sourceTree = "<group>"; };
		8B4EF2552BC45B2400494ED8 /* TabSettingsView.swift */ = {isa = PBXFileReference; lastKnownFileType = sourcecode.swift; path = TabSettingsView.swift; sourceTree = "<group>"; };
		8B4EF2572BC45E4800494ED8 /* TournamentViewModel.swift */ = {isa = PBXFileReference; lastKnownFileType = sourcecode.swift; path = TournamentViewModel.swift; sourceTree = "<group>"; };
		8B4EF2592BC45EC300494ED8 /* Tournament.swift */ = {isa = PBXFileReference; lastKnownFileType = sourcecode.swift; path = Tournament.swift; sourceTree = "<group>"; };
		8B4EF25B2BC5885600494ED8 /* RootViewModel.swift */ = {isa = PBXFileReference; lastKnownFileType = sourcecode.swift; path = RootViewModel.swift; sourceTree = "<group>"; };
		8B4EF25D2BC5A5C400494ED8 /* TabViewModel.swift */ = {isa = PBXFileReference; lastKnownFileType = sourcecode.swift; path = TabViewModel.swift; sourceTree = "<group>"; };
		8B4EF25F2BC6820A00494ED8 /* ContentView.swift */ = {isa = PBXFileReference; lastKnownFileType = sourcecode.swift; path = ContentView.swift; sourceTree = "<group>"; };
		8B4EF2632BC8382700494ED8 /* TableViewModel.swift */ = {isa = PBXFileReference; lastKnownFileType = sourcecode.swift; path = TableViewModel.swift; sourceTree = "<group>"; };
		8B4EF2652BC84CAA00494ED8 /* SettingsViewModel.swift */ = {isa = PBXFileReference; lastKnownFileType = sourcecode.swift; path = SettingsViewModel.swift; sourceTree = "<group>"; };
		8B4EF2682BC8566800494ED8 /* ManageFixturesView.swift */ = {isa = PBXFileReference; lastKnownFileType = sourcecode.swift; path = ManageFixturesView.swift; sourceTree = "<group>"; };
		8B4EF26A2BC857A800494ED8 /* ManageTeamsView.swift */ = {isa = PBXFileReference; lastKnownFileType = sourcecode.swift; path = ManageTeamsView.swift; sourceTree = "<group>"; };
		8B6644782BCC6CBB00423B22 /* AddEditFixtureView.swift */ = {isa = PBXFileReference; lastKnownFileType = sourcecode.swift; path = AddEditFixtureView.swift; sourceTree = "<group>"; };
		8B66447A2BCC6CDD00423B22 /* FixtureRowView.swift */ = {isa = PBXFileReference; lastKnownFileType = sourcecode.swift; path = FixtureRowView.swift; sourceTree = "<group>"; };
		8B66447C2BCD268800423B22 /* ActivityView.swift */ = {isa = PBXFileReference; lastKnownFileType = sourcecode.swift; path = ActivityView.swift; sourceTree = "<group>"; };
		8B66447E2BCD93BC00423B22 /* JoinTeamView.swift */ = {isa = PBXFileReference; lastKnownFileType = sourcecode.swift; path = JoinTeamView.swift; sourceTree = "<group>"; };
		8B6FB08E2BC081A300C66C05 /* AppDelegate.swift */ = {isa = PBXFileReference; lastKnownFileType = sourcecode.swift; path = AppDelegate.swift; sourceTree = "<group>"; };
		8B6FB0902BC084EC00C66C05 /* HomeView.swift */ = {isa = PBXFileReference; lastKnownFileType = sourcecode.swift; path = HomeView.swift; sourceTree = "<group>"; };
		8B6FB0922BC0921700C66C05 /* AccountView.swift */ = {isa = PBXFileReference; lastKnownFileType = sourcecode.swift; path = AccountView.swift; sourceTree = "<group>"; };
		8B6FB0952BC09FC400C66C05 /* CreateNewTournamentView.swift */ = {isa = PBXFileReference; lastKnownFileType = sourcecode.swift; path = CreateNewTournamentView.swift; sourceTree = "<group>"; };
		8B6FB0972BC0B2CA00C66C05 /* AddTeamView.swift */ = {isa = PBXFileReference; lastKnownFileType = sourcecode.swift; path = AddTeamView.swift; sourceTree = "<group>"; };
		8B6FB0992BC0B3BB00C66C05 /* Team.swift */ = {isa = PBXFileReference; lastKnownFileType = sourcecode.swift; path = Team.swift; sourceTree = "<group>"; };
		8BEEDB792BC048040007703F /* App_TournaMate.app */ = {isa = PBXFileReference; explicitFileType = wrapper.application; includeInIndex = 0; path = App_TournaMate.app; sourceTree = BUILT_PRODUCTS_DIR; };
		8BEEDB7C2BC048040007703F /* App_TournaMateApp.swift */ = {isa = PBXFileReference; lastKnownFileType = sourcecode.swift; path = App_TournaMateApp.swift; sourceTree = "<group>"; };
		8BEEDB802BC0480C0007703F /* Assets.xcassets */ = {isa = PBXFileReference; lastKnownFileType = folder.assetcatalog; path = Assets.xcassets; sourceTree = "<group>"; };
		8BEEDB832BC0480C0007703F /* Preview Assets.xcassets */ = {isa = PBXFileReference; lastKnownFileType = folder.assetcatalog; path = "Preview Assets.xcassets"; sourceTree = "<group>"; };
		8BEEDB922BC049DC0007703F /* LoginView.swift */ = {isa = PBXFileReference; lastKnownFileType = sourcecode.swift; path = LoginView.swift; sourceTree = "<group>"; };
		8BEEDB942BC04B2E0007703F /* InputView.swift */ = {isa = PBXFileReference; lastKnownFileType = sourcecode.swift; path = InputView.swift; sourceTree = "<group>"; };
		8BEEDB962BC04FBA0007703F /* RegistrationView.swift */ = {isa = PBXFileReference; lastKnownFileType = sourcecode.swift; path = RegistrationView.swift; sourceTree = "<group>"; };
		8BEEDB982BC0525F0007703F /* ProfileView.swift */ = {isa = PBXFileReference; lastKnownFileType = sourcecode.swift; path = ProfileView.swift; sourceTree = "<group>"; };
		8BEEDB9A2BC0540D0007703F /* SettingsRowView.swift */ = {isa = PBXFileReference; lastKnownFileType = sourcecode.swift; path = SettingsRowView.swift; sourceTree = "<group>"; };
		8BEEDB9C2BC055E00007703F /* UserModel.swift */ = {isa = PBXFileReference; lastKnownFileType = sourcecode.swift; path = UserModel.swift; sourceTree = "<group>"; };
		8BEEDB9E2BC05A470007703F /* GoogleService-Info.plist */ = {isa = PBXFileReference; fileEncoding = 4; lastKnownFileType = text.plist.xml; path = "GoogleService-Info.plist"; sourceTree = "<group>"; };
		8BEEDBAB2BC05BA40007703F /* AuthViewModel.swift */ = {isa = PBXFileReference; lastKnownFileType = sourcecode.swift; path = AuthViewModel.swift; sourceTree = "<group>"; };
/* End PBXFileReference section */

/* Begin PBXFrameworksBuildPhase section */
		8BEEDB762BC048040007703F /* Frameworks */ = {
			isa = PBXFrameworksBuildPhase;
			buildActionMask = 2147483647;
			files = (
				8BEEDBA82BC05B290007703F /* FirebaseStorage in Frameworks */,
				8B6FB08D2BC0810200C66C05 /* FirebaseAuthCombine-Community in Frameworks */,
				8BEEDBA42BC05B290007703F /* FirebaseFirestore in Frameworks */,
				8BEEDBA62BC05B290007703F /* FirebaseFirestoreSwift in Frameworks */,
				8B6FB08B2BC0810200C66C05 /* FirebaseAppCheck in Frameworks */,
				8BEEDBAF2BC063400007703F /* FirebaseAuth in Frameworks */,
			);
			runOnlyForDeploymentPostprocessing = 0;
		};
/* End PBXFrameworksBuildPhase section */

/* Begin PBXGroup section */
		8B4EF24C2BC458D200494ED8 /* Main Tournament */ = {
			isa = PBXGroup;
			children = (
				8B4EF24D2BC45A1700494ED8 /* MainTournamentView.swift */,
				8B4EF2552BC45B2400494ED8 /* TabSettingsView.swift */,
				8B4EF2532BC45B1C00494ED8 /* TabTableView.swift */,
				8B4EF2512BC45B1000494ED8 /* TabFixturesView.swift */,
				8B4EF2592BC45EC300494ED8 /* Tournament.swift */,
				8B4EF24F2BC45B0400494ED8 /* TabHomeView.swift */,
				8B4EF2672BC8564B00494ED8 /* Extended Views */,
			);
			path = "Main Tournament";
			sourceTree = "<group>";
		};
		8B4EF2672BC8564B00494ED8 /* Extended Views */ = {
			isa = PBXGroup;
			children = (
				8B4EF2682BC8566800494ED8 /* ManageFixturesView.swift */,
				8B6644782BCC6CBB00423B22 /* AddEditFixtureView.swift */,
				8B66447A2BCC6CDD00423B22 /* FixtureRowView.swift */,
				8B4EF26A2BC857A800494ED8 /* ManageTeamsView.swift */,
			);
			path = "Extended Views";
			sourceTree = "<group>";
		};
		8B6FB0942BC09F9800C66C05 /* TournamentViews */ = {
			isa = PBXGroup;
			children = (
				8B6FB0952BC09FC400C66C05 /* CreateNewTournamentView.swift */,
				8B6FB0972BC0B2CA00C66C05 /* AddTeamView.swift */,
				8B4EF2462BC429A200494ED8 /* MyTournamentsView.swift */,
				8B4EF2482BC429B700494ED8 /* JoinTournamentView.swift */,
				8B6FB0992BC0B3BB00C66C05 /* Team.swift */,
				8B66447E2BCD93BC00423B22 /* JoinTeamView.swift */,
			);
			path = TournamentViews;
			sourceTree = "<group>";
		};
		8BEEDB702BC048040007703F = {
			isa = PBXGroup;
			children = (
				8BEEDB7B2BC048040007703F /* App_TournaMate */,
				8BEEDB7A2BC048040007703F /* Products */,
				8BEEDBAD2BC063400007703F /* Frameworks */,
			);
			sourceTree = "<group>";
		};
		8BEEDB7A2BC048040007703F /* Products */ = {
			isa = PBXGroup;
			children = (
				8BEEDB792BC048040007703F /* App_TournaMate.app */,
			);
			name = Products;
			sourceTree = "<group>";
		};
		8BEEDB7B2BC048040007703F /* App_TournaMate */ = {
			isa = PBXGroup;
			children = (
				8BEEDB8A2BC048380007703F /* App */,
				8BEEDB8B2BC048520007703F /* Components */,
				8BEEDB8C2BC048590007703F /* Core */,
				8BEEDB8D2BC0485E0007703F /* Model */,
				8BEEDB802BC0480C0007703F /* Assets.xcassets */,
				8BEEDB9E2BC05A470007703F /* GoogleService-Info.plist */,
				8BEEDB822BC0480C0007703F /* Preview Content */,
			);
			path = App_TournaMate;
			sourceTree = "<group>";
		};
		8BEEDB822BC0480C0007703F /* Preview Content */ = {
			isa = PBXGroup;
			children = (
				8BEEDB832BC0480C0007703F /* Preview Assets.xcassets */,
			);
			path = "Preview Content";
			sourceTree = "<group>";
		};
		8BEEDB8A2BC048380007703F /* App */ = {
			isa = PBXGroup;
			children = (
				8BEEDB7C2BC048040007703F /* App_TournaMateApp.swift */,
				8B6FB08E2BC081A300C66C05 /* AppDelegate.swift */,
			);
			path = App;
			sourceTree = "<group>";
		};
		8BEEDB8B2BC048520007703F /* Components */ = {
			isa = PBXGroup;
			children = (
				8BEEDB942BC04B2E0007703F /* InputView.swift */,
				8BEEDB9A2BC0540D0007703F /* SettingsRowView.swift */,
				8B66447C2BCD268800423B22 /* ActivityView.swift */,
			);
			path = Components;
			sourceTree = "<group>";
		};
		8BEEDB8C2BC048590007703F /* Core */ = {
			isa = PBXGroup;
			children = (
				8BEEDB902BC048CD0007703F /* Authentication */,
				8BEEDB912BC048D50007703F /* Profile */,
				8B4EF24C2BC458D200494ED8 /* Main Tournament */,
				8B6FB0942BC09F9800C66C05 /* TournamentViews */,
				8BEEDB8F2BC048BD0007703F /* Root */,
			);
			path = Core;
			sourceTree = "<group>";
		};
		8BEEDB8D2BC0485E0007703F /* Model */ = {
			isa = PBXGroup;
			children = (
			);
			path = Model;
			sourceTree = "<group>";
		};
		8BEEDB8F2BC048BD0007703F /* Root */ = {
			isa = PBXGroup;
			children = (
				8B6FB0902BC084EC00C66C05 /* HomeView.swift */,
				8B4EF25F2BC6820A00494ED8 /* ContentView.swift */,
			);
			path = Root;
			sourceTree = "<group>";
		};
		8BEEDB902BC048CD0007703F /* Authentication */ = {
			isa = PBXGroup;
			children = (
				8BEEDBA92BC05B700007703F /* View */,
				8BEEDBAA2BC05B780007703F /* ViewModel */,
			);
			path = Authentication;
			sourceTree = "<group>";
		};
		8BEEDB912BC048D50007703F /* Profile */ = {
			isa = PBXGroup;
			children = (
				8BEEDB982BC0525F0007703F /* ProfileView.swift */,
				8B6FB0922BC0921700C66C05 /* AccountView.swift */,
			);
			path = Profile;
			sourceTree = "<group>";
		};
		8BEEDBA92BC05B700007703F /* View */ = {
			isa = PBXGroup;
			children = (
				8BEEDB922BC049DC0007703F /* LoginView.swift */,
				8B4EF24A2BC44C3D00494ED8 /* ForgotPasswordView.swift */,
				8BEEDB962BC04FBA0007703F /* RegistrationView.swift */,
			);
			path = View;
			sourceTree = "<group>";
		};
		8BEEDBAA2BC05B780007703F /* ViewModel */ = {
			isa = PBXGroup;
			children = (
				8BEEDBAB2BC05BA40007703F /* AuthViewModel.swift */,
				8BEEDB9C2BC055E00007703F /* UserModel.swift */,
				8B4EF2572BC45E4800494ED8 /* TournamentViewModel.swift */,
				8B4EF25B2BC5885600494ED8 /* RootViewModel.swift */,
				8B4EF25D2BC5A5C400494ED8 /* TabViewModel.swift */,
				8B4EF2632BC8382700494ED8 /* TableViewModel.swift */,
				8B4EF2652BC84CAA00494ED8 /* SettingsViewModel.swift */,
			);
			path = ViewModel;
			sourceTree = "<group>";
		};
		8BEEDBAD2BC063400007703F /* Frameworks */ = {
			isa = PBXGroup;
			children = (
			);
			name = Frameworks;
			sourceTree = "<group>";
		};
/* End PBXGroup section */

/* Begin PBXNativeTarget section */
		8BEEDB782BC048040007703F /* App_TournaMate */ = {
			isa = PBXNativeTarget;
			buildConfigurationList = 8BEEDB872BC0480C0007703F /* Build configuration list for PBXNativeTarget "App_TournaMate" */;
			buildPhases = (
				8BEEDB752BC048040007703F /* Sources */,
				8BEEDB762BC048040007703F /* Frameworks */,
				8BEEDB772BC048040007703F /* Resources */,
			);
			buildRules = (
			);
			dependencies = (
			);
			name = App_TournaMate;
			packageProductDependencies = (
				8BEEDBA32BC05B290007703F /* FirebaseFirestore */,
				8BEEDBA52BC05B290007703F /* FirebaseFirestoreSwift */,
				8BEEDBA72BC05B290007703F /* FirebaseStorage */,
				8BEEDBAE2BC063400007703F /* FirebaseAuth */,
				8B6FB08A2BC0810200C66C05 /* FirebaseAppCheck */,
				8B6FB08C2BC0810200C66C05 /* FirebaseAuthCombine-Community */,
			);
			productName = App_TournaMate;
			productReference = 8BEEDB792BC048040007703F /* App_TournaMate.app */;
			productType = "com.apple.product-type.application";
		};
/* End PBXNativeTarget section */

/* Begin PBXProject section */
		8BEEDB712BC048040007703F /* Project object */ = {
			isa = PBXProject;
			attributes = {
				BuildIndependentTargetsInParallel = 1;
				LastSwiftUpdateCheck = 1530;
				LastUpgradeCheck = 1530;
				TargetAttributes = {
					8BEEDB782BC048040007703F = {
						CreatedOnToolsVersion = 15.3;
					};
				};
			};
			buildConfigurationList = 8BEEDB742BC048040007703F /* Build configuration list for PBXProject "App_TournaMate" */;
			compatibilityVersion = "Xcode 14.0";
			developmentRegion = en;
			hasScannedForEncodings = 0;
			knownRegions = (
				en,
				Base,
			);
			mainGroup = 8BEEDB702BC048040007703F;
			packageReferences = (
				8BEEDBA02BC05B290007703F /* XCRemoteSwiftPackageReference "firebase-ios-sdk" */,
			);
			productRefGroup = 8BEEDB7A2BC048040007703F /* Products */;
			projectDirPath = "";
			projectRoot = "";
			targets = (
				8BEEDB782BC048040007703F /* App_TournaMate */,
			);
		};
/* End PBXProject section */

/* Begin PBXResourcesBuildPhase section */
		8BEEDB772BC048040007703F /* Resources */ = {
			isa = PBXResourcesBuildPhase;
			buildActionMask = 2147483647;
			files = (
				8BEEDB842BC0480C0007703F /* Preview Assets.xcassets in Resources */,
				8BEEDB812BC0480C0007703F /* Assets.xcassets in Resources */,
				8BEEDB9F2BC05A470007703F /* GoogleService-Info.plist in Resources */,
			);
			runOnlyForDeploymentPostprocessing = 0;
		};
/* End PBXResourcesBuildPhase section */

/* Begin PBXSourcesBuildPhase section */
		8BEEDB752BC048040007703F /* Sources */ = {
			isa = PBXSourcesBuildPhase;
			buildActionMask = 2147483647;
			files = (
				8B6FB0932BC0921700C66C05 /* AccountView.swift in Sources */,
				8BEEDB932BC049DD0007703F /* LoginView.swift in Sources */,
				8B4EF26B2BC857A800494ED8 /* ManageTeamsView.swift in Sources */,
				8B4EF25C2BC5885600494ED8 /* RootViewModel.swift in Sources */,
				8B6644792BCC6CBC00423B22 /* AddEditFixtureView.swift in Sources */,
				8B66447F2BCD93BC00423B22 /* JoinTeamView.swift in Sources */,
				8BEEDB952BC04B2E0007703F /* InputView.swift in Sources */,
				8B66447B2BCC6CDD00423B22 /* FixtureRowView.swift in Sources */,
				8B4EF2472BC429A200494ED8 /* MyTournamentsView.swift in Sources */,
				8B6FB09A2BC0B3BB00C66C05 /* Team.swift in Sources */,
				8B66447D2BCD268800423B22 /* ActivityView.swift in Sources */,
				8B4EF2492BC429B700494ED8 /* JoinTournamentView.swift in Sources */,
				8B4EF2522BC45B1000494ED8 /* TabFixturesView.swift in Sources */,
				8B4EF2502BC45B0400494ED8 /* TabHomeView.swift in Sources */,
				8BEEDB7D2BC048040007703F /* App_TournaMateApp.swift in Sources */,
				8B6FB0962BC09FC400C66C05 /* CreateNewTournamentView.swift in Sources */,
				8B4EF2692BC8566900494ED8 /* ManageFixturesView.swift in Sources */,
				8BEEDB9D2BC055E00007703F /* UserModel.swift in Sources */,
				8B6FB0912BC084EC00C66C05 /* HomeView.swift in Sources */,
				8B4EF24E2BC45A1700494ED8 /* MainTournamentView.swift in Sources */,
				8B4EF2602BC6820A00494ED8 /* ContentView.swift in Sources */,
				8B4EF2642BC8382800494ED8 /* TableViewModel.swift in Sources */,
				8B4EF2662BC84CAB00494ED8 /* SettingsViewModel.swift in Sources */,
				8B4EF25A2BC45EC300494ED8 /* Tournament.swift in Sources */,
				8B4EF25E2BC5A5C400494ED8 /* TabViewModel.swift in Sources */,
				8B4EF2562BC45B2400494ED8 /* TabSettingsView.swift in Sources */,
				8BEEDB992BC052600007703F /* ProfileView.swift in Sources */,
				8B4EF2542BC45B1C00494ED8 /* TabTableView.swift in Sources */,
				8B6FB0982BC0B2CA00C66C05 /* AddTeamView.swift in Sources */,
				8BEEDB972BC04FBA0007703F /* RegistrationView.swift in Sources */,
				8BEEDB9B2BC0540D0007703F /* SettingsRowView.swift in Sources */,
				8B6FB08F2BC081A300C66C05 /* AppDelegate.swift in Sources */,
				8B4EF2582BC45E4800494ED8 /* TournamentViewModel.swift in Sources */,
				8B4EF24B2BC44C3D00494ED8 /* ForgotPasswordView.swift in Sources */,
				8BEEDBAC2BC05BA50007703F /* AuthViewModel.swift in Sources */,
			);
			runOnlyForDeploymentPostprocessing = 0;
		};
/* End PBXSourcesBuildPhase section */

/* Begin XCBuildConfiguration section */
		8BEEDB852BC0480C0007703F /* Debug */ = {
			isa = XCBuildConfiguration;
			buildSettings = {
				ALWAYS_SEARCH_USER_PATHS = NO;
				ASSETCATALOG_COMPILER_GENERATE_SWIFT_ASSET_SYMBOL_EXTENSIONS = YES;
				CLANG_ANALYZER_NONNULL = YES;
				CLANG_ANALYZER_NUMBER_OBJECT_CONVERSION = YES_AGGRESSIVE;
				CLANG_CXX_LANGUAGE_STANDARD = "gnu++20";
				CLANG_ENABLE_MODULES = YES;
				CLANG_ENABLE_OBJC_ARC = YES;
				CLANG_ENABLE_OBJC_WEAK = YES;
				CLANG_WARN_BLOCK_CAPTURE_AUTORELEASING = YES;
				CLANG_WARN_BOOL_CONVERSION = YES;
				CLANG_WARN_COMMA = YES;
				CLANG_WARN_CONSTANT_CONVERSION = YES;
				CLANG_WARN_DEPRECATED_OBJC_IMPLEMENTATIONS = YES;
				CLANG_WARN_DIRECT_OBJC_ISA_USAGE = YES_ERROR;
				CLANG_WARN_DOCUMENTATION_COMMENTS = YES;
				CLANG_WARN_EMPTY_BODY = YES;
				CLANG_WARN_ENUM_CONVERSION = YES;
				CLANG_WARN_INFINITE_RECURSION = YES;
				CLANG_WARN_INT_CONVERSION = YES;
				CLANG_WARN_NON_LITERAL_NULL_CONVERSION = YES;
				CLANG_WARN_OBJC_IMPLICIT_RETAIN_SELF = YES;
				CLANG_WARN_OBJC_LITERAL_CONVERSION = YES;
				CLANG_WARN_OBJC_ROOT_CLASS = YES_ERROR;
				CLANG_WARN_QUOTED_INCLUDE_IN_FRAMEWORK_HEADER = YES;
				CLANG_WARN_RANGE_LOOP_ANALYSIS = YES;
				CLANG_WARN_STRICT_PROTOTYPES = YES;
				CLANG_WARN_SUSPICIOUS_MOVE = YES;
				CLANG_WARN_UNGUARDED_AVAILABILITY = YES_AGGRESSIVE;
				CLANG_WARN_UNREACHABLE_CODE = YES;
				CLANG_WARN__DUPLICATE_METHOD_MATCH = YES;
				COPY_PHASE_STRIP = NO;
				DEBUG_INFORMATION_FORMAT = dwarf;
				ENABLE_STRICT_OBJC_MSGSEND = YES;
				ENABLE_TESTABILITY = YES;
				ENABLE_USER_SCRIPT_SANDBOXING = YES;
				GCC_C_LANGUAGE_STANDARD = gnu17;
				GCC_DYNAMIC_NO_PIC = NO;
				GCC_NO_COMMON_BLOCKS = YES;
				GCC_OPTIMIZATION_LEVEL = 0;
				GCC_PREPROCESSOR_DEFINITIONS = (
					"DEBUG=1",
					"$(inherited)",
				);
				GCC_WARN_64_TO_32_BIT_CONVERSION = YES;
				GCC_WARN_ABOUT_RETURN_TYPE = YES_ERROR;
				GCC_WARN_UNDECLARED_SELECTOR = YES;
				GCC_WARN_UNINITIALIZED_AUTOS = YES_AGGRESSIVE;
				GCC_WARN_UNUSED_FUNCTION = YES;
				GCC_WARN_UNUSED_VARIABLE = YES;
				IPHONEOS_DEPLOYMENT_TARGET = 17.4;
				LOCALIZATION_PREFERS_STRING_CATALOGS = YES;
				MTL_ENABLE_DEBUG_INFO = INCLUDE_SOURCE;
				MTL_FAST_MATH = YES;
				ONLY_ACTIVE_ARCH = YES;
				SDKROOT = iphoneos;
				SWIFT_ACTIVE_COMPILATION_CONDITIONS = "DEBUG $(inherited)";
				SWIFT_OPTIMIZATION_LEVEL = "-Onone";
			};
			name = Debug;
		};
		8BEEDB862BC0480C0007703F /* Release */ = {
			isa = XCBuildConfiguration;
			buildSettings = {
				ALWAYS_SEARCH_USER_PATHS = NO;
				ASSETCATALOG_COMPILER_GENERATE_SWIFT_ASSET_SYMBOL_EXTENSIONS = YES;
				CLANG_ANALYZER_NONNULL = YES;
				CLANG_ANALYZER_NUMBER_OBJECT_CONVERSION = YES_AGGRESSIVE;
				CLANG_CXX_LANGUAGE_STANDARD = "gnu++20";
				CLANG_ENABLE_MODULES = YES;
				CLANG_ENABLE_OBJC_ARC = YES;
				CLANG_ENABLE_OBJC_WEAK = YES;
				CLANG_WARN_BLOCK_CAPTURE_AUTORELEASING = YES;
				CLANG_WARN_BOOL_CONVERSION = YES;
				CLANG_WARN_COMMA = YES;
				CLANG_WARN_CONSTANT_CONVERSION = YES;
				CLANG_WARN_DEPRECATED_OBJC_IMPLEMENTATIONS = YES;
				CLANG_WARN_DIRECT_OBJC_ISA_USAGE = YES_ERROR;
				CLANG_WARN_DOCUMENTATION_COMMENTS = YES;
				CLANG_WARN_EMPTY_BODY = YES;
				CLANG_WARN_ENUM_CONVERSION = YES;
				CLANG_WARN_INFINITE_RECURSION = YES;
				CLANG_WARN_INT_CONVERSION = YES;
				CLANG_WARN_NON_LITERAL_NULL_CONVERSION = YES;
				CLANG_WARN_OBJC_IMPLICIT_RETAIN_SELF = YES;
				CLANG_WARN_OBJC_LITERAL_CONVERSION = YES;
				CLANG_WARN_OBJC_ROOT_CLASS = YES_ERROR;
				CLANG_WARN_QUOTED_INCLUDE_IN_FRAMEWORK_HEADER = YES;
				CLANG_WARN_RANGE_LOOP_ANALYSIS = YES;
				CLANG_WARN_STRICT_PROTOTYPES = YES;
				CLANG_WARN_SUSPICIOUS_MOVE = YES;
				CLANG_WARN_UNGUARDED_AVAILABILITY = YES_AGGRESSIVE;
				CLANG_WARN_UNREACHABLE_CODE = YES;
				CLANG_WARN__DUPLICATE_METHOD_MATCH = YES;
				COPY_PHASE_STRIP = NO;
				DEBUG_INFORMATION_FORMAT = "dwarf-with-dsym";
				ENABLE_NS_ASSERTIONS = NO;
				ENABLE_STRICT_OBJC_MSGSEND = YES;
				ENABLE_USER_SCRIPT_SANDBOXING = YES;
				GCC_C_LANGUAGE_STANDARD = gnu17;
				GCC_NO_COMMON_BLOCKS = YES;
				GCC_WARN_64_TO_32_BIT_CONVERSION = YES;
				GCC_WARN_ABOUT_RETURN_TYPE = YES_ERROR;
				GCC_WARN_UNDECLARED_SELECTOR = YES;
				GCC_WARN_UNINITIALIZED_AUTOS = YES_AGGRESSIVE;
				GCC_WARN_UNUSED_FUNCTION = YES;
				GCC_WARN_UNUSED_VARIABLE = YES;
				IPHONEOS_DEPLOYMENT_TARGET = 17.4;
				LOCALIZATION_PREFERS_STRING_CATALOGS = YES;
				MTL_ENABLE_DEBUG_INFO = NO;
				MTL_FAST_MATH = YES;
				SDKROOT = iphoneos;
				SWIFT_COMPILATION_MODE = wholemodule;
				VALIDATE_PRODUCT = YES;
			};
			name = Release;
		};
		8BEEDB882BC0480C0007703F /* Debug */ = {
			isa = XCBuildConfiguration;
			buildSettings = {
				ASSETCATALOG_COMPILER_APPICON_NAME = AppIcon;
				ASSETCATALOG_COMPILER_GLOBAL_ACCENT_COLOR_NAME = AccentColor;
				CODE_SIGN_STYLE = Automatic;
				CURRENT_PROJECT_VERSION = 1;
				DEVELOPMENT_ASSET_PATHS = "\"App_TournaMate/Preview Content\"";
				ENABLE_PREVIEWS = YES;
				GENERATE_INFOPLIST_FILE = YES;
				INFOPLIST_KEY_UIApplicationSceneManifest_Generation = YES;
				INFOPLIST_KEY_UIApplicationSupportsIndirectInputEvents = YES;
				INFOPLIST_KEY_UILaunchScreen_Generation = YES;
				INFOPLIST_KEY_UISupportedInterfaceOrientations_iPad = "UIInterfaceOrientationPortrait UIInterfaceOrientationPortraitUpsideDown UIInterfaceOrientationLandscapeLeft UIInterfaceOrientationLandscapeRight";
				INFOPLIST_KEY_UISupportedInterfaceOrientations_iPhone = "UIInterfaceOrientationPortrait UIInterfaceOrientationLandscapeLeft UIInterfaceOrientationLandscapeRight";
				LD_RUNPATH_SEARCH_PATHS = (
					"$(inherited)",
					"@executable_path/Frameworks",
				);
				MARKETING_VERSION = 1.0;
				PRODUCT_BUNDLE_IDENTIFIER = "com.iyeoludipe.App-TournaMate";
				PRODUCT_NAME = "$(TARGET_NAME)";
				SWIFT_EMIT_LOC_STRINGS = YES;
				SWIFT_VERSION = 5.0;
				TARGETED_DEVICE_FAMILY = "1,2";
			};
			name = Debug;
		};
		8BEEDB892BC0480C0007703F /* Release */ = {
			isa = XCBuildConfiguration;
			buildSettings = {
				ASSETCATALOG_COMPILER_APPICON_NAME = AppIcon;
				ASSETCATALOG_COMPILER_GLOBAL_ACCENT_COLOR_NAME = AccentColor;
				CODE_SIGN_STYLE = Automatic;
				CURRENT_PROJECT_VERSION = 1;
				DEVELOPMENT_ASSET_PATHS = "\"App_TournaMate/Preview Content\"";
				ENABLE_PREVIEWS = YES;
				GENERATE_INFOPLIST_FILE = YES;
				INFOPLIST_KEY_UIApplicationSceneManifest_Generation = YES;
				INFOPLIST_KEY_UIApplicationSupportsIndirectInputEvents = YES;
				INFOPLIST_KEY_UILaunchScreen_Generation = YES;
				INFOPLIST_KEY_UISupportedInterfaceOrientations_iPad = "UIInterfaceOrientationPortrait UIInterfaceOrientationPortraitUpsideDown UIInterfaceOrientationLandscapeLeft UIInterfaceOrientationLandscapeRight";
				INFOPLIST_KEY_UISupportedInterfaceOrientations_iPhone = "UIInterfaceOrientationPortrait UIInterfaceOrientationLandscapeLeft UIInterfaceOrientationLandscapeRight";
				LD_RUNPATH_SEARCH_PATHS = (
					"$(inherited)",
					"@executable_path/Frameworks",
				);
				MARKETING_VERSION = 1.0;
				PRODUCT_BUNDLE_IDENTIFIER = "com.iyeoludipe.App-TournaMate";
				PRODUCT_NAME = "$(TARGET_NAME)";
				SWIFT_EMIT_LOC_STRINGS = YES;
				SWIFT_VERSION = 5.0;
				TARGETED_DEVICE_FAMILY = "1,2";
			};
			name = Release;
		};
/* End XCBuildConfiguration section */

/* Begin XCConfigurationList section */
		8BEEDB742BC048040007703F /* Build configuration list for PBXProject "App_TournaMate" */ = {
			isa = XCConfigurationList;
			buildConfigurations = (
				8BEEDB852BC0480C0007703F /* Debug */,
				8BEEDB862BC0480C0007703F /* Release */,
			);
			defaultConfigurationIsVisible = 0;
			defaultConfigurationName = Release;
		};
		8BEEDB872BC0480C0007703F /* Build configuration list for PBXNativeTarget "App_TournaMate" */ = {
			isa = XCConfigurationList;
			buildConfigurations = (
				8BEEDB882BC0480C0007703F /* Debug */,
				8BEEDB892BC0480C0007703F /* Release */,
			);
			defaultConfigurationIsVisible = 0;
			defaultConfigurationName = Release;
		};
/* End XCConfigurationList section */

/* Begin XCRemoteSwiftPackageReference section */
		8BEEDBA02BC05B290007703F /* XCRemoteSwiftPackageReference "firebase-ios-sdk" */ = {
			isa = XCRemoteSwiftPackageReference;
			repositoryURL = "https://github.com/firebase/firebase-ios-sdk";
			requirement = {
				kind = upToNextMajorVersion;
				minimumVersion = 10.23.1;
			};
		};
/* End XCRemoteSwiftPackageReference section */

/* Begin XCSwiftPackageProductDependency section */
		8B6FB08A2BC0810200C66C05 /* FirebaseAppCheck */ = {
			isa = XCSwiftPackageProductDependency;
			package = 8BEEDBA02BC05B290007703F /* XCRemoteSwiftPackageReference "firebase-ios-sdk" */;
			productName = FirebaseAppCheck;
		};
		8B6FB08C2BC0810200C66C05 /* FirebaseAuthCombine-Community */ = {
			isa = XCSwiftPackageProductDependency;
			package = 8BEEDBA02BC05B290007703F /* XCRemoteSwiftPackageReference "firebase-ios-sdk" */;
			productName = "FirebaseAuthCombine-Community";
		};
		8BEEDBA32BC05B290007703F /* FirebaseFirestore */ = {
			isa = XCSwiftPackageProductDependency;
			package = 8BEEDBA02BC05B290007703F /* XCRemoteSwiftPackageReference "firebase-ios-sdk" */;
			productName = FirebaseFirestore;
		};
		8BEEDBA52BC05B290007703F /* FirebaseFirestoreSwift */ = {
			isa = XCSwiftPackageProductDependency;
			package = 8BEEDBA02BC05B290007703F /* XCRemoteSwiftPackageReference "firebase-ios-sdk" */;
			productName = FirebaseFirestoreSwift;
		};
		8BEEDBA72BC05B290007703F /* FirebaseStorage */ = {
			isa = XCSwiftPackageProductDependency;
			package = 8BEEDBA02BC05B290007703F /* XCRemoteSwiftPackageReference "firebase-ios-sdk" */;
			productName = FirebaseStorage;
		};
		8BEEDBAE2BC063400007703F /* FirebaseAuth */ = {
			isa = XCSwiftPackageProductDependency;
			package = 8BEEDBA02BC05B290007703F /* XCRemoteSwiftPackageReference "firebase-ios-sdk" */;
			productName = FirebaseAuth;
		};
/* End XCSwiftPackageProductDependency section */
	};
	rootObject = 8BEEDB712BC048040007703F /* Project object */;
}
